// !$*UTF8*$!
{
	archiveVersion = 1;
	classes = {
	};
	objectVersion = 46;
	objects = {

/* Begin PBXBuildFile section */
		3D31CBAE1E57AF4A008E6BE4 /* AppDelegate.swift in Sources */ = {isa = PBXBuildFile; fileRef = 3D31CBAD1E57AF4A008E6BE4 /* AppDelegate.swift */; };
		3D31CBB51E57AF4A008E6BE4 /* Assets.xcassets in Resources */ = {isa = PBXBuildFile; fileRef = 3D31CBB41E57AF4A008E6BE4 /* Assets.xcassets */; };
		3D31CBC01E57B581008E6BE4 /* Default-568h@2x.png in Resources */ = {isa = PBXBuildFile; fileRef = 3D31CBBF1E57B581008E6BE4 /* Default-568h@2x.png */; };
		3D31CBC21E57C63D008E6BE4 /* ObjectsListViewController.swift in Sources */ = {isa = PBXBuildFile; fileRef = 3D31CBC11E57C63D008E6BE4 /* ObjectsListViewController.swift */; };
		3D31CBC41E57CB2D008E6BE4 /* ObjectViewController.swift in Sources */ = {isa = PBXBuildFile; fileRef = 3D31CBC31E57CB2D008E6BE4 /* ObjectViewController.swift */; };
		3D426BDD1E5CDBBF00A8B644 /* PaintingsDataModel.swift in Sources */ = {isa = PBXBuildFile; fileRef = 3D426BDC1E5CDBBF00A8B644 /* PaintingsDataModel.swift */; };
		3D426BE21E5CE03700A8B644 /* Painting.swift in Sources */ = {isa = PBXBuildFile; fileRef = 3D426BE11E5CE03700A8B644 /* Painting.swift */; };
		3D426BE41E5CF8DA00A8B644 /* PaintingFrameView.swift in Sources */ = {isa = PBXBuildFile; fileRef = 3D426BE31E5CF8DA00A8B644 /* PaintingFrameView.swift */; };
		3DA50F0A1E5D234B00428843 /* DrawingView.swift in Sources */ = {isa = PBXBuildFile; fileRef = 3DA50F091E5D234B00428843 /* DrawingView.swift */; };
		3DA95D691E5E854700DF8370 /* BrushViewController.swift in Sources */ = {isa = PBXBuildFile; fileRef = 3DA95D681E5E854700DF8370 /* BrushViewController.swift */; };
		3DA95D6B1E5E856A00DF8370 /* BrushColorView.swift in Sources */ = {isa = PBXBuildFile; fileRef = 3DA95D6A1E5E856A00DF8370 /* BrushColorView.swift */; };
		3DA95D6F1E5E85A800DF8370 /* PreviewView.swift in Sources */ = {isa = PBXBuildFile; fileRef = 3DA95D6E1E5E85A800DF8370 /* PreviewView.swift */; };
		3DA95D711E5E85C900DF8370 /* EndCapButtonsView.swift in Sources */ = {isa = PBXBuildFile; fileRef = 3DA95D701E5E85C900DF8370 /* EndCapButtonsView.swift */; };
		3DA95D731E5E85F900DF8370 /* MainView.swift in Sources */ = {isa = PBXBuildFile; fileRef = 3DA95D721E5E85F900DF8370 /* MainView.swift */; };
		3DA95D751E5E861200DF8370 /* SliderView.swift in Sources */ = {isa = PBXBuildFile; fileRef = 3DA95D741E5E861200DF8370 /* SliderView.swift */; };
		3DA95D771E5E862C00DF8370 /* buttonsView.swift in Sources */ = {isa = PBXBuildFile; fileRef = 3DA95D761E5E862C00DF8370 /* buttonsView.swift */; };
		3DA95D791E5E865F00DF8370 /* ViewController.swift in Sources */ = {isa = PBXBuildFile; fileRef = 3DA95D781E5E865F00DF8370 /* ViewController.swift */; };
/* End PBXBuildFile section */

/* Begin PBXFileReference section */
		3D31CBAA1E57AF4A008E6BE4 /* Painting Studio.app */ = {isa = PBXFileReference; explicitFileType = wrapper.application; includeInIndex = 0; path = "Painting Studio.app"; sourceTree = BUILT_PRODUCTS_DIR; };
		3D31CBAD1E57AF4A008E6BE4 /* AppDelegate.swift */ = {isa = PBXFileReference; lastKnownFileType = sourcecode.swift; name = AppDelegate.swift; path = "Painting Studio/AppDelegate.swift"; sourceTree = "<group>"; };
		3D31CBB41E57AF4A008E6BE4 /* Assets.xcassets */ = {isa = PBXFileReference; lastKnownFileType = folder.assetcatalog; name = Assets.xcassets; path = "Painting Studio/Assets.xcassets"; sourceTree = "<group>"; };
		3D31CBB91E57AF4A008E6BE4 /* Info.plist */ = {isa = PBXFileReference; lastKnownFileType = text.plist.xml; name = Info.plist; path = "Painting Studio/Info.plist"; sourceTree = "<group>"; };
		3D31CBBF1E57B581008E6BE4 /* Default-568h@2x.png */ = {isa = PBXFileReference; lastKnownFileType = image.png; path = "Default-568h@2x.png"; sourceTree = "<group>"; };
		3D31CBC11E57C63D008E6BE4 /* ObjectsListViewController.swift */ = {isa = PBXFileReference; fileEncoding = 4; lastKnownFileType = sourcecode.swift; name = ObjectsListViewController.swift; path = "Painting Studio/ObjectsListViewController.swift"; sourceTree = "<group>"; };
		3D31CBC31E57CB2D008E6BE4 /* ObjectViewController.swift */ = {isa = PBXFileReference; fileEncoding = 4; lastKnownFileType = sourcecode.swift; name = ObjectViewController.swift; path = "Painting Studio/ObjectViewController.swift"; sourceTree = "<group>"; };
		3D426BDC1E5CDBBF00A8B644 /* PaintingsDataModel.swift */ = {isa = PBXFileReference; fileEncoding = 4; lastKnownFileType = sourcecode.swift; name = PaintingsDataModel.swift; path = "Painting Studio/PaintingsDataModel.swift"; sourceTree = "<group>"; };
		3D426BE11E5CE03700A8B644 /* Painting.swift */ = {isa = PBXFileReference; fileEncoding = 4; lastKnownFileType = sourcecode.swift; path = Painting.swift; sourceTree = "<group>"; };
		3D426BE31E5CF8DA00A8B644 /* PaintingFrameView.swift */ = {isa = PBXFileReference; fileEncoding = 4; lastKnownFileType = sourcecode.swift; path = PaintingFrameView.swift; sourceTree = "<group>"; };
		3DA50F091E5D234B00428843 /* DrawingView.swift */ = {isa = PBXFileReference; fileEncoding = 4; lastKnownFileType = sourcecode.swift; path = DrawingView.swift; sourceTree = "<group>"; };
		3DA95D681E5E854700DF8370 /* BrushViewController.swift */ = {isa = PBXFileReference; fileEncoding = 4; lastKnownFileType = sourcecode.swift; path = BrushViewController.swift; sourceTree = "<group>"; };
		3DA95D6A1E5E856A00DF8370 /* BrushColorView.swift */ = {isa = PBXFileReference; fileEncoding = 4; lastKnownFileType = sourcecode.swift; path = BrushColorView.swift; sourceTree = "<group>"; };
		3DA95D6E1E5E85A800DF8370 /* PreviewView.swift */ = {isa = PBXFileReference; fileEncoding = 4; lastKnownFileType = sourcecode.swift; path = PreviewView.swift; sourceTree = "<group>"; };
		3DA95D701E5E85C900DF8370 /* EndCapButtonsView.swift */ = {isa = PBXFileReference; fileEncoding = 4; lastKnownFileType = sourcecode.swift; path = EndCapButtonsView.swift; sourceTree = "<group>"; };
		3DA95D721E5E85F900DF8370 /* MainView.swift */ = {isa = PBXFileReference; fileEncoding = 4; lastKnownFileType = sourcecode.swift; path = MainView.swift; sourceTree = "<group>"; };
		3DA95D741E5E861200DF8370 /* SliderView.swift */ = {isa = PBXFileReference; fileEncoding = 4; lastKnownFileType = sourcecode.swift; path = SliderView.swift; sourceTree = "<group>"; };
		3DA95D761E5E862C00DF8370 /* buttonsView.swift */ = {isa = PBXFileReference; fileEncoding = 4; lastKnownFileType = sourcecode.swift; path = buttonsView.swift; sourceTree = "<group>"; };
		3DA95D781E5E865F00DF8370 /* ViewController.swift */ = {isa = PBXFileReference; fileEncoding = 4; lastKnownFileType = sourcecode.swift; path = ViewController.swift; sourceTree = "<group>"; };
/* End PBXFileReference section */

/* Begin PBXFrameworksBuildPhase section */
		3D31CBA71E57AF49008E6BE4 /* Frameworks */ = {
			isa = PBXFrameworksBuildPhase;
			buildActionMask = 2147483647;
			files = (
			);
			runOnlyForDeploymentPostprocessing = 0;
		};
/* End PBXFrameworksBuildPhase section */

/* Begin PBXGroup section */
		3D31CBA11E57AF49008E6BE4 = {
			isa = PBXGroup;
			children = (
				3D31CBAD1E57AF4A008E6BE4 /* AppDelegate.swift */,
				3D31CBB41E57AF4A008E6BE4 /* Assets.xcassets */,
				3D31CBB91E57AF4A008E6BE4 /* Info.plist */,
				3D31CBAC1E57AF4A008E6BE4 /* Painting Studio */,
				3D31CBAB1E57AF4A008E6BE4 /* Products */,
			);
			sourceTree = "<group>";
		};
		3D31CBAB1E57AF4A008E6BE4 /* Products */ = {
			isa = PBXGroup;
			children = (
				3D31CBAA1E57AF4A008E6BE4 /* Painting Studio.app */,
			);
			name = Products;
			sourceTree = "<group>";
		};
		3D31CBAC1E57AF4A008E6BE4 /* Painting Studio */ = {
			isa = PBXGroup;
			children = (
				3DBC73151E5E23AE003FD68B /* BrushChooser */,
				3D426BDF1E5CDBF400A8B644 /* PaintingDetail */,
				3D426BE01E5CDBFF00A8B644 /* DataModel */,
				3D426BDE1E5CDBE300A8B644 /* PaintingList */,
			);
			path = "Painting Studio";
			sourceTree = "<group>";
		};
		3D426BDE1E5CDBE300A8B644 /* PaintingList */ = {
			isa = PBXGroup;
			children = (
				3D31CBBF1E57B581008E6BE4 /* Default-568h@2x.png */,
				3D31CBC11E57C63D008E6BE4 /* ObjectsListViewController.swift */,
			);
			name = PaintingList;
			path = ..;
			sourceTree = "<group>";
		};
		3D426BDF1E5CDBF400A8B644 /* PaintingDetail */ = {
			isa = PBXGroup;
			children = (
				3D426BE31E5CF8DA00A8B644 /* PaintingFrameView.swift */,
				3D31CBC31E57CB2D008E6BE4 /* ObjectViewController.swift */,
				3DA50F091E5D234B00428843 /* DrawingView.swift */,
			);
			name = PaintingDetail;
			path = ..;
			sourceTree = "<group>";
		};
		3D426BE01E5CDBFF00A8B644 /* DataModel */ = {
			isa = PBXGroup;
			children = (
				3D426BE11E5CE03700A8B644 /* Painting.swift */,
				3D426BDC1E5CDBBF00A8B644 /* PaintingsDataModel.swift */,
			);
			name = DataModel;
			path = ..;
			sourceTree = "<group>";
		};
		3DBC73151E5E23AE003FD68B /* BrushChooser */ = {
			isa = PBXGroup;
			children = (
				3DA95D681E5E854700DF8370 /* BrushViewController.swift */,
				3DA95D6A1E5E856A00DF8370 /* BrushColorView.swift */,
				3DA95D6E1E5E85A800DF8370 /* PreviewView.swift */,
				3DA95D701E5E85C900DF8370 /* EndCapButtonsView.swift */,
				3DA95D721E5E85F900DF8370 /* MainView.swift */,
				3DA95D741E5E861200DF8370 /* SliderView.swift */,
				3DA95D761E5E862C00DF8370 /* buttonsView.swift */,
				3DA95D781E5E865F00DF8370 /* ViewController.swift */,
			);
			name = BrushChooser;
			sourceTree = "<group>";
		};
/* End PBXGroup section */

/* Begin PBXNativeTarget section */
		3D31CBA91E57AF49008E6BE4 /* Painting Studio */ = {
			isa = PBXNativeTarget;
			buildConfigurationList = 3D31CBBC1E57AF4A008E6BE4 /* Build configuration list for PBXNativeTarget "Painting Studio" */;
			buildPhases = (
				3D31CBA61E57AF49008E6BE4 /* Sources */,
				3D31CBA71E57AF49008E6BE4 /* Frameworks */,
				3D31CBA81E57AF49008E6BE4 /* Resources */,
			);
			buildRules = (
			);
			dependencies = (
			);
			name = "Painting Studio";
			productName = "Painting Studio";
			productReference = 3D31CBAA1E57AF4A008E6BE4 /* Painting Studio.app */;
			productType = "com.apple.product-type.application";
		};
/* End PBXNativeTarget section */

/* Begin PBXProject section */
		3D31CBA21E57AF49008E6BE4 /* Project object */ = {
			isa = PBXProject;
			attributes = {
				LastSwiftUpdateCheck = 0820;
				LastUpgradeCheck = 0820;
				ORGANIZATIONNAME = u0669056;
				TargetAttributes = {
					3D31CBA91E57AF49008E6BE4 = {
						CreatedOnToolsVersion = 8.2;
						ProvisioningStyle = Automatic;
					};
				};
			};
			buildConfigurationList = 3D31CBA51E57AF49008E6BE4 /* Build configuration list for PBXProject "Painting Studio" */;
			compatibilityVersion = "Xcode 3.2";
			developmentRegion = English;
			hasScannedForEncodings = 0;
			knownRegions = (
				en,
				Base,
			);
			mainGroup = 3D31CBA11E57AF49008E6BE4;
			productRefGroup = 3D31CBAB1E57AF4A008E6BE4 /* Products */;
			projectDirPath = "";
			projectRoot = "";
			targets = (
				3D31CBA91E57AF49008E6BE4 /* Painting Studio */,
			);
		};
/* End PBXProject section */

/* Begin PBXResourcesBuildPhase section */
		3D31CBA81E57AF49008E6BE4 /* Resources */ = {
			isa = PBXResourcesBuildPhase;
			buildActionMask = 2147483647;
			files = (
				3D31CBB51E57AF4A008E6BE4 /* Assets.xcassets in Resources */,
				3D31CBC01E57B581008E6BE4 /* Default-568h@2x.png in Resources */,
			);
			runOnlyForDeploymentPostprocessing = 0;
		};
/* End PBXResourcesBuildPhase section */

/* Begin PBXSourcesBuildPhase section */
		3D31CBA61E57AF49008E6BE4 /* Sources */ = {
			isa = PBXSourcesBuildPhase;
			buildActionMask = 2147483647;
			files = (
				3DA95D791E5E865F00DF8370 /* ViewController.swift in Sources */,
				3DA95D6B1E5E856A00DF8370 /* BrushColorView.swift in Sources */,
				3DA95D751E5E861200DF8370 /* SliderView.swift in Sources */,
				3DA95D731E5E85F900DF8370 /* MainView.swift in Sources */,
				3D31CBAE1E57AF4A008E6BE4 /* AppDelegate.swift in Sources */,
				3D31CBC21E57C63D008E6BE4 /* ObjectsListViewController.swift in Sources */,
				3DA50F0A1E5D234B00428843 /* DrawingView.swift in Sources */,
				3DA95D771E5E862C00DF8370 /* buttonsView.swift in Sources */,
				3D426BE41E5CF8DA00A8B644 /* PaintingFrameView.swift in Sources */,
				3DA95D6F1E5E85A800DF8370 /* PreviewView.swift in Sources */,
				3DA95D691E5E854700DF8370 /* BrushViewController.swift in Sources */,
				3D426BE21E5CE03700A8B644 /* Painting.swift in Sources */,
				3DA95D711E5E85C900DF8370 /* EndCapButtonsView.swift in Sources */,
				3D31CBC41E57CB2D008E6BE4 /* ObjectViewController.swift in Sources */,
				3D426BDD1E5CDBBF00A8B644 /* PaintingsDataModel.swift in Sources */,
			);
			runOnlyForDeploymentPostprocessing = 0;
		};
/* End PBXSourcesBuildPhase section */

/* Begin XCBuildConfiguration section */
		3D31CBBA1E57AF4A008E6BE4 /* Debug */ = {
			isa = XCBuildConfiguration;
			buildSettings = {
				ALWAYS_SEARCH_USER_PATHS = NO;
				CLANG_ANALYZER_NONNULL = YES;
				CLANG_CXX_LANGUAGE_STANDARD = "gnu++0x";
				CLANG_CXX_LIBRARY = "libc++";
				CLANG_ENABLE_MODULES = YES;
				CLANG_ENABLE_OBJC_ARC = YES;
				CLANG_WARN_BOOL_CONVERSION = YES;
				CLANG_WARN_CONSTANT_CONVERSION = YES;
				CLANG_WARN_DIRECT_OBJC_ISA_USAGE = YES_ERROR;
				CLANG_WARN_DOCUMENTATION_COMMENTS = YES;
				CLANG_WARN_EMPTY_BODY = YES;
				CLANG_WARN_ENUM_CONVERSION = YES;
				CLANG_WARN_INFINITE_RECURSION = YES;
				CLANG_WARN_INT_CONVERSION = YES;
				CLANG_WARN_OBJC_ROOT_CLASS = YES_ERROR;
				CLANG_WARN_SUSPICIOUS_MOVE = YES;
				CLANG_WARN_UNREACHABLE_CODE = YES;
				CLANG_WARN__DUPLICATE_METHOD_MATCH = YES;
				"CODE_SIGN_IDENTITY[sdk=iphoneos*]" = "iPhone Developer";
				COPY_PHASE_STRIP = NO;
				DEBUG_INFORMATION_FORMAT = dwarf;
				ENABLE_STRICT_OBJC_MSGSEND = YES;
				ENABLE_TESTABILITY = YES;
				GCC_C_LANGUAGE_STANDARD = gnu99;
				GCC_DYNAMIC_NO_PIC = NO;
				GCC_NO_COMMON_BLOCKS = YES;
				GCC_OPTIMIZATION_LEVEL = 0;
				GCC_PREPROCESSOR_DEFINITIONS = (
					"DEBUG=1",
					"$(inherited)",
				);
				GCC_WARN_64_TO_32_BIT_CONVERSION = YES;
				GCC_WARN_ABOUT_RETURN_TYPE = YES_ERROR;
				GCC_WARN_UNDECLARED_SELECTOR = YES;
				GCC_WARN_UNINITIALIZED_AUTOS = YES_AGGRESSIVE;
				GCC_WARN_UNUSED_FUNCTION = YES;
				GCC_WARN_UNUSED_VARIABLE = YES;
				IPHONEOS_DEPLOYMENT_TARGET = 10.2;
				MTL_ENABLE_DEBUG_INFO = YES;
				ONLY_ACTIVE_ARCH = YES;
				SDKROOT = iphoneos;
				SWIFT_ACTIVE_COMPILATION_CONDITIONS = DEBUG;
				SWIFT_OPTIMIZATION_LEVEL = "-Onone";
				TARGETED_DEVICE_FAMILY = "1,2";
			};
			name = Debug;
		};
		3D31CBBB1E57AF4A008E6BE4 /* Release */ = {
			isa = XCBuildConfiguration;
			buildSettings = {
				ALWAYS_SEARCH_USER_PATHS = NO;
				CLANG_ANALYZER_NONNULL = YES;
				CLANG_CXX_LANGUAGE_STANDARD = "gnu++0x";
				CLANG_CXX_LIBRARY = "libc++";
				CLANG_ENABLE_MODULES = YES;
				CLANG_ENABLE_OBJC_ARC = YES;
				CLANG_WARN_BOOL_CONVERSION = YES;
				CLANG_WARN_CONSTANT_CONVERSION = YES;
				CLANG_WARN_DIRECT_OBJC_ISA_USAGE = YES_ERROR;
				CLANG_WARN_DOCUMENTATION_COMMENTS = YES;
				CLANG_WARN_EMPTY_BODY = YES;
				CLANG_WARN_ENUM_CONVERSION = YES;
				CLANG_WARN_INFINITE_RECURSION = YES;
				CLANG_WARN_INT_CONVERSION = YES;
				CLANG_WARN_OBJC_ROOT_CLASS = YES_ERROR;
				CLANG_WARN_SUSPICIOUS_MOVE = YES;
				CLANG_WARN_UNREACHABLE_CODE = YES;
				CLANG_WARN__DUPLICATE_METHOD_MATCH = YES;
				"CODE_SIGN_IDENTITY[sdk=iphoneos*]" = "iPhone Developer";
				COPY_PHASE_STRIP = NO;
				DEBUG_INFORMATION_FORMAT = "dwarf-with-dsym";
				ENABLE_NS_ASSERTIONS = NO;
				ENABLE_STRICT_OBJC_MSGSEND = YES;
				GCC_C_LANGUAGE_STANDARD = gnu99;
				GCC_NO_COMMON_BLOCKS = YES;
				GCC_WARN_64_TO_32_BIT_CONVERSION = YES;
				GCC_WARN_ABOUT_RETURN_TYPE = YES_ERROR;
				GCC_WARN_UNDECLARED_SELECTOR = YES;
				GCC_WARN_UNINITIALIZED_AUTOS = YES_AGGRESSIVE;
				GCC_WARN_UNUSED_FUNCTION = YES;
				GCC_WARN_UNUSED_VARIABLE = YES;
				IPHONEOS_DEPLOYMENT_TARGET = 10.2;
				MTL_ENABLE_DEBUG_INFO = NO;
				SDKROOT = iphoneos;
				SWIFT_OPTIMIZATION_LEVEL = "-Owholemodule";
				TARGETED_DEVICE_FAMILY = "1,2";
				VALIDATE_PRODUCT = YES;
			};
			name = Release;
		};
		3D31CBBD1E57AF4A008E6BE4 /* Debug */ = {
			isa = XCBuildConfiguration;
			buildSettings = {
				ASSETCATALOG_COMPILER_APPICON_NAME = AppIcon;
				INFOPLIST_FILE = "Painting Studio/Info.plist";
				LD_RUNPATH_SEARCH_PATHS = "$(inherited) @executable_path/Frameworks";
				PRODUCT_BUNDLE_IDENTIFIER = "Neal-Phelps.Painting-Studio";
				PRODUCT_NAME = "$(TARGET_NAME)";
				SWIFT_VERSION = 3.0;
			};
			name = Debug;
		};
		3D31CBBE1E57AF4A008E6BE4 /* Release */ = {
			isa = XCBuildConfiguration;
			buildSettings = {
				ASSETCATALOG_COMPILER_APPICON_NAME = AppIcon;
				INFOPLIST_FILE = "Painting Studio/Info.plist";
				LD_RUNPATH_SEARCH_PATHS = "$(inherited) @executable_path/Frameworks";
				PRODUCT_BUNDLE_IDENTIFIER = "Neal-Phelps.Painting-Studio";
				PRODUCT_NAME = "$(TARGET_NAME)";
				SWIFT_VERSION = 3.0;
			};
			name = Release;
		};
/* End XCBuildConfiguration section */

/* Begin XCConfigurationList section */
		3D31CBA51E57AF49008E6BE4 /* Build configuration list for PBXProject "Painting Studio" */ = {
			isa = XCConfigurationList;
			buildConfigurations = (
				3D31CBBA1E57AF4A008E6BE4 /* Debug */,
				3D31CBBB1E57AF4A008E6BE4 /* Release */,
			);
			defaultConfigurationIsVisible = 0;
			defaultConfigurationName = Release;
		};
		3D31CBBC1E57AF4A008E6BE4 /* Build configuration list for PBXNativeTarget "Painting Studio" */ = {
			isa = XCConfigurationList;
			buildConfigurations = (
				3D31CBBD1E57AF4A008E6BE4 /* Debug */,
				3D31CBBE1E57AF4A008E6BE4 /* Release */,
			);
			defaultConfigurationIsVisible = 0;
			defaultConfigurationName = Release;
		};
/* End XCConfigurationList section */
	};
	rootObject = 3D31CBA21E57AF49008E6BE4 /* Project object */;
}
